
Microsoft Visual Studio Solution File, Format Version 12.00
# Visual Studio Version 16
VisualStudioVersion = 16.0.29613.14
MinimumVisualStudioVersion = 10.0.40219.1
Project("{9A19103F-16F7-4668-BE54-9A1E7A4F7556}") = "ES.Analysis", "Trady.Analysis\ES.Analysis.csproj", "{164C4731-C6A3-41A6-8C32-88F55DB4D5C2}"
EndProject
Project("{9A19103F-16F7-4668-BE54-9A1E7A4F7556}") = "Trady.Test", "Trady.Test\Trady.Test.csproj", "{2DF202B6-B571-412F-9214-E1C92439FD6B}"
EndProject
Project("{2150E333-8FDC-42A3-9474-1A3956D46DE8}") = "Tests", "Tests", "{21745804-92A6-45D7-96EC-F10AAC742B58}"
EndProject
Project("{9A19103F-16F7-4668-BE54-9A1E7A4F7556}") = "Trady.Benchmarks.Version31", "Trady.Benchmark\Trady.Benchmarks.Version31\Trady.Benchmarks.Version31.csproj", "{239B6B2D-F08D-4088-9372-02E61A67645F}"
EndProject
Project("{2150E333-8FDC-42A3-9474-1A3956D46DE8}") = "ExchangeSystem", "ExchangeSystem", "{7BD5D584-E476-4E2D-8AD0-9F5F2B1CA716}"
EndProject
Project("{9A19103F-16F7-4668-BE54-9A1E7A4F7556}") = "ES.Data", "ES.Domain\ES.Data.csproj", "{29CCBC85-1728-4651-9E85-3C81D734B051}"
EndProject
Project("{9A19103F-16F7-4668-BE54-9A1E7A4F7556}") = "ES.Domain", "ES.Models\ES.Domain.csproj", "{D9FDBCD7-7617-4342-A3B1-48F0473F7DE7}"
EndProject
Project("{9A19103F-16F7-4668-BE54-9A1E7A4F7556}") = "ES.Infrastructure", "ES.Infrastructure\ES.Infrastructure.csproj", "{41C395A8-CDE3-4BD8-BCFA-F187DB271392}"
EndProject
Project("{9A19103F-16F7-4668-BE54-9A1E7A4F7556}") = "ES.API", "ES.Api\ES.API.csproj", "{BA45DAFE-85CB-4760-B6C4-8215A71BA955}"
EndProject
Project("{2150E333-8FDC-42A3-9474-1A3956D46DE8}") = "Documentation", "Documentation", "{C3C5CC6C-46D4-453B-ABD7-D096DB1AF2CD}"
EndProject
Project("{2150E333-8FDC-42A3-9474-1A3956D46DE8}") = "ClassDiagrams", "ClassDiagrams", "{BFA1D026-71C0-4415-A95D-D289A47CBB9E}"
	ProjectSection(SolutionItems) = preProject
		Documentation\ClassDiagrams\ClassDiagram1 - Копировать.cd = Documentation\ClassDiagrams\ClassDiagram1 - Копировать.cd
		Documentation\ClassDiagrams\ClassDiagram1.cd = Documentation\ClassDiagrams\ClassDiagram1.cd
	EndProjectSection
EndProject
Project("{9A19103F-16F7-4668-BE54-9A1E7A4F7556}") = "ES.DataImport", "ES.DataImport\ES.DataImport.csproj", "{CDE7FCCD-B345-4E9B-A482-E3CB87BD0E3F}"
EndProject
Project("{FAE04EC0-301F-11D3-BF4B-00C04F79EFBC}") = "ES.DataImport.Tests", "ES.DataImport.Tests\ES.DataImport.Tests.csproj", "{D76DD197-920C-4BA2-A1E4-7E86A6DCF265}"
EndProject
Project("{FAE04EC0-301F-11D3-BF4B-00C04F79EFBC}") = "TestInfrastructure", "TestInfrastructure\TestInfrastructure.csproj", "{87A481BE-9B3F-424C-B6F0-F0140B4F674D}"
EndProject
Global
	GlobalSection(SolutionConfigurationPlatforms) = preSolution
		Debug|Any CPU = Debug|Any CPU
		Debug|x64 = Debug|x64
		Debug|x86 = Debug|x86
		Lib_Debug|Any CPU = Lib_Debug|Any CPU
		Lib_Debug|x64 = Lib_Debug|x64
		Lib_Debug|x86 = Lib_Debug|x86
		Release|Any CPU = Release|Any CPU
		Release|x64 = Release|x64
		Release|x86 = Release|x86
	EndGlobalSection
	GlobalSection(ProjectConfigurationPlatforms) = postSolution
		{164C4731-C6A3-41A6-8C32-88F55DB4D5C2}.Debug|Any CPU.ActiveCfg = Debug|Any CPU
		{164C4731-C6A3-41A6-8C32-88F55DB4D5C2}.Debug|Any CPU.Build.0 = Debug|Any CPU
		{164C4731-C6A3-41A6-8C32-88F55DB4D5C2}.Debug|x64.ActiveCfg = Debug|Any CPU
		{164C4731-C6A3-41A6-8C32-88F55DB4D5C2}.Debug|x64.Build.0 = Debug|Any CPU
		{164C4731-C6A3-41A6-8C32-88F55DB4D5C2}.Debug|x86.ActiveCfg = Debug|Any CPU
		{164C4731-C6A3-41A6-8C32-88F55DB4D5C2}.Debug|x86.Build.0 = Debug|Any CPU
		{164C4731-C6A3-41A6-8C32-88F55DB4D5C2}.Lib_Debug|Any CPU.ActiveCfg = Debug|Any CPU
		{164C4731-C6A3-41A6-8C32-88F55DB4D5C2}.Lib_Debug|Any CPU.Build.0 = Debug|Any CPU
		{164C4731-C6A3-41A6-8C32-88F55DB4D5C2}.Lib_Debug|x64.ActiveCfg = Debug|Any CPU
		{164C4731-C6A3-41A6-8C32-88F55DB4D5C2}.Lib_Debug|x64.Build.0 = Debug|Any CPU
		{164C4731-C6A3-41A6-8C32-88F55DB4D5C2}.Lib_Debug|x86.ActiveCfg = Debug|Any CPU
		{164C4731-C6A3-41A6-8C32-88F55DB4D5C2}.Lib_Debug|x86.Build.0 = Debug|Any CPU
		{164C4731-C6A3-41A6-8C32-88F55DB4D5C2}.Release|Any CPU.ActiveCfg = Release|Any CPU
		{164C4731-C6A3-41A6-8C32-88F55DB4D5C2}.Release|Any CPU.Build.0 = Release|Any CPU
		{164C4731-C6A3-41A6-8C32-88F55DB4D5C2}.Release|x64.ActiveCfg = Release|Any CPU
		{164C4731-C6A3-41A6-8C32-88F55DB4D5C2}.Release|x64.Build.0 = Release|Any CPU
		{164C4731-C6A3-41A6-8C32-88F55DB4D5C2}.Release|x86.ActiveCfg = Release|Any CPU
		{164C4731-C6A3-41A6-8C32-88F55DB4D5C2}.Release|x86.Build.0 = Release|Any CPU
		{2DF202B6-B571-412F-9214-E1C92439FD6B}.Debug|Any CPU.ActiveCfg = Debug|Any CPU
		{2DF202B6-B571-412F-9214-E1C92439FD6B}.Debug|Any CPU.Build.0 = Debug|Any CPU
		{2DF202B6-B571-412F-9214-E1C92439FD6B}.Debug|x64.ActiveCfg = Debug|Any CPU
		{2DF202B6-B571-412F-9214-E1C92439FD6B}.Debug|x64.Build.0 = Debug|Any CPU
		{2DF202B6-B571-412F-9214-E1C92439FD6B}.Debug|x86.ActiveCfg = Debug|Any CPU
		{2DF202B6-B571-412F-9214-E1C92439FD6B}.Debug|x86.Build.0 = Debug|Any CPU
		{2DF202B6-B571-412F-9214-E1C92439FD6B}.Lib_Debug|Any CPU.ActiveCfg = Debug|Any CPU
		{2DF202B6-B571-412F-9214-E1C92439FD6B}.Lib_Debug|Any CPU.Build.0 = Debug|Any CPU
		{2DF202B6-B571-412F-9214-E1C92439FD6B}.Lib_Debug|x64.ActiveCfg = Debug|Any CPU
		{2DF202B6-B571-412F-9214-E1C92439FD6B}.Lib_Debug|x64.Build.0 = Debug|Any CPU
		{2DF202B6-B571-412F-9214-E1C92439FD6B}.Lib_Debug|x86.ActiveCfg = Debug|Any CPU
		{2DF202B6-B571-412F-9214-E1C92439FD6B}.Lib_Debug|x86.Build.0 = Debug|Any CPU
		{2DF202B6-B571-412F-9214-E1C92439FD6B}.Release|Any CPU.ActiveCfg = Release|Any CPU
		{2DF202B6-B571-412F-9214-E1C92439FD6B}.Release|Any CPU.Build.0 = Release|Any CPU
		{2DF202B6-B571-412F-9214-E1C92439FD6B}.Release|x64.ActiveCfg = Release|Any CPU
		{2DF202B6-B571-412F-9214-E1C92439FD6B}.Release|x64.Build.0 = Release|Any CPU
		{2DF202B6-B571-412F-9214-E1C92439FD6B}.Release|x86.ActiveCfg = Release|Any CPU
		{2DF202B6-B571-412F-9214-E1C92439FD6B}.Release|x86.Build.0 = Release|Any CPU
		{239B6B2D-F08D-4088-9372-02E61A67645F}.Debug|Any CPU.ActiveCfg = Debug|Any CPU
		{239B6B2D-F08D-4088-9372-02E61A67645F}.Debug|Any CPU.Build.0 = Debug|Any CPU
		{239B6B2D-F08D-4088-9372-02E61A67645F}.Debug|x64.ActiveCfg = Debug|Any CPU
		{239B6B2D-F08D-4088-9372-02E61A67645F}.Debug|x64.Build.0 = Debug|Any CPU
		{239B6B2D-F08D-4088-9372-02E61A67645F}.Debug|x86.ActiveCfg = Debug|Any CPU
		{239B6B2D-F08D-4088-9372-02E61A67645F}.Debug|x86.Build.0 = Debug|Any CPU
		{239B6B2D-F08D-4088-9372-02E61A67645F}.Lib_Debug|Any CPU.ActiveCfg = Debug|Any CPU
		{239B6B2D-F08D-4088-9372-02E61A67645F}.Lib_Debug|Any CPU.Build.0 = Debug|Any CPU
		{239B6B2D-F08D-4088-9372-02E61A67645F}.Lib_Debug|x64.ActiveCfg = Debug|Any CPU
		{239B6B2D-F08D-4088-9372-02E61A67645F}.Lib_Debug|x64.Build.0 = Debug|Any CPU
		{239B6B2D-F08D-4088-9372-02E61A67645F}.Lib_Debug|x86.ActiveCfg = Debug|Any CPU
		{239B6B2D-F08D-4088-9372-02E61A67645F}.Lib_Debug|x86.Build.0 = Debug|Any CPU
		{239B6B2D-F08D-4088-9372-02E61A67645F}.Release|Any CPU.ActiveCfg = Release|Any CPU
		{239B6B2D-F08D-4088-9372-02E61A67645F}.Release|Any CPU.Build.0 = Release|Any CPU
		{239B6B2D-F08D-4088-9372-02E61A67645F}.Release|x64.ActiveCfg = Release|Any CPU
		{239B6B2D-F08D-4088-9372-02E61A67645F}.Release|x64.Build.0 = Release|Any CPU
		{239B6B2D-F08D-4088-9372-02E61A67645F}.Release|x86.ActiveCfg = Release|Any CPU
		{239B6B2D-F08D-4088-9372-02E61A67645F}.Release|x86.Build.0 = Release|Any CPU
		{29CCBC85-1728-4651-9E85-3C81D734B051}.Debug|Any CPU.ActiveCfg = Debug|Any CPU
		{29CCBC85-1728-4651-9E85-3C81D734B051}.Debug|Any CPU.Build.0 = Debug|Any CPU
		{29CCBC85-1728-4651-9E85-3C81D734B051}.Debug|x64.ActiveCfg = Debug|Any CPU
		{29CCBC85-1728-4651-9E85-3C81D734B051}.Debug|x64.Build.0 = Debug|Any CPU
		{29CCBC85-1728-4651-9E85-3C81D734B051}.Debug|x86.ActiveCfg = Debug|Any CPU
		{29CCBC85-1728-4651-9E85-3C81D734B051}.Debug|x86.Build.0 = Debug|Any CPU
		{29CCBC85-1728-4651-9E85-3C81D734B051}.Lib_Debug|Any CPU.ActiveCfg = Debug|Any CPU
		{29CCBC85-1728-4651-9E85-3C81D734B051}.Lib_Debug|Any CPU.Build.0 = Debug|Any CPU
		{29CCBC85-1728-4651-9E85-3C81D734B051}.Lib_Debug|x64.ActiveCfg = Debug|Any CPU
		{29CCBC85-1728-4651-9E85-3C81D734B051}.Lib_Debug|x64.Build.0 = Debug|Any CPU
		{29CCBC85-1728-4651-9E85-3C81D734B051}.Lib_Debug|x86.ActiveCfg = Debug|Any CPU
		{29CCBC85-1728-4651-9E85-3C81D734B051}.Lib_Debug|x86.Build.0 = Debug|Any CPU
		{29CCBC85-1728-4651-9E85-3C81D734B051}.Release|Any CPU.ActiveCfg = Release|Any CPU
		{29CCBC85-1728-4651-9E85-3C81D734B051}.Release|Any CPU.Build.0 = Release|Any CPU
		{29CCBC85-1728-4651-9E85-3C81D734B051}.Release|x64.ActiveCfg = Release|Any CPU
		{29CCBC85-1728-4651-9E85-3C81D734B051}.Release|x64.Build.0 = Release|Any CPU
		{29CCBC85-1728-4651-9E85-3C81D734B051}.Release|x86.ActiveCfg = Release|Any CPU
		{29CCBC85-1728-4651-9E85-3C81D734B051}.Release|x86.Build.0 = Release|Any CPU
		{D9FDBCD7-7617-4342-A3B1-48F0473F7DE7}.Debug|Any CPU.ActiveCfg = Debug|Any CPU
		{D9FDBCD7-7617-4342-A3B1-48F0473F7DE7}.Debug|Any CPU.Build.0 = Debug|Any CPU
		{D9FDBCD7-7617-4342-A3B1-48F0473F7DE7}.Debug|x64.ActiveCfg = Debug|Any CPU
		{D9FDBCD7-7617-4342-A3B1-48F0473F7DE7}.Debug|x64.Build.0 = Debug|Any CPU
		{D9FDBCD7-7617-4342-A3B1-48F0473F7DE7}.Debug|x86.ActiveCfg = Debug|Any CPU
		{D9FDBCD7-7617-4342-A3B1-48F0473F7DE7}.Debug|x86.Build.0 = Debug|Any CPU
		{D9FDBCD7-7617-4342-A3B1-48F0473F7DE7}.Lib_Debug|Any CPU.ActiveCfg = Debug|Any CPU
		{D9FDBCD7-7617-4342-A3B1-48F0473F7DE7}.Lib_Debug|Any CPU.Build.0 = Debug|Any CPU
		{D9FDBCD7-7617-4342-A3B1-48F0473F7DE7}.Lib_Debug|x64.ActiveCfg = Debug|Any CPU
		{D9FDBCD7-7617-4342-A3B1-48F0473F7DE7}.Lib_Debug|x64.Build.0 = Debug|Any CPU
		{D9FDBCD7-7617-4342-A3B1-48F0473F7DE7}.Lib_Debug|x86.ActiveCfg = Debug|Any CPU
		{D9FDBCD7-7617-4342-A3B1-48F0473F7DE7}.Lib_Debug|x86.Build.0 = Debug|Any CPU
		{D9FDBCD7-7617-4342-A3B1-48F0473F7DE7}.Release|Any CPU.ActiveCfg = Release|Any CPU
		{D9FDBCD7-7617-4342-A3B1-48F0473F7DE7}.Release|Any CPU.Build.0 = Release|Any CPU
		{D9FDBCD7-7617-4342-A3B1-48F0473F7DE7}.Release|x64.ActiveCfg = Release|Any CPU
		{D9FDBCD7-7617-4342-A3B1-48F0473F7DE7}.Release|x64.Build.0 = Release|Any CPU
		{D9FDBCD7-7617-4342-A3B1-48F0473F7DE7}.Release|x86.ActiveCfg = Release|Any CPU
		{D9FDBCD7-7617-4342-A3B1-48F0473F7DE7}.Release|x86.Build.0 = Release|Any CPU
		{41C395A8-CDE3-4BD8-BCFA-F187DB271392}.Debug|Any CPU.ActiveCfg = Debug|Any CPU
		{41C395A8-CDE3-4BD8-BCFA-F187DB271392}.Debug|Any CPU.Build.0 = Debug|Any CPU
		{41C395A8-CDE3-4BD8-BCFA-F187DB271392}.Debug|x64.ActiveCfg = Debug|Any CPU
		{41C395A8-CDE3-4BD8-BCFA-F187DB271392}.Debug|x64.Build.0 = Debug|Any CPU
		{41C395A8-CDE3-4BD8-BCFA-F187DB271392}.Debug|x86.ActiveCfg = Debug|Any CPU
		{41C395A8-CDE3-4BD8-BCFA-F187DB271392}.Debug|x86.Build.0 = Debug|Any CPU
		{41C395A8-CDE3-4BD8-BCFA-F187DB271392}.Lib_Debug|Any CPU.ActiveCfg = Debug|Any CPU
		{41C395A8-CDE3-4BD8-BCFA-F187DB271392}.Lib_Debug|Any CPU.Build.0 = Debug|Any CPU
		{41C395A8-CDE3-4BD8-BCFA-F187DB271392}.Lib_Debug|x64.ActiveCfg = Debug|Any CPU
		{41C395A8-CDE3-4BD8-BCFA-F187DB271392}.Lib_Debug|x64.Build.0 = Debug|Any CPU
		{41C395A8-CDE3-4BD8-BCFA-F187DB271392}.Lib_Debug|x86.ActiveCfg = Debug|Any CPU
		{41C395A8-CDE3-4BD8-BCFA-F187DB271392}.Lib_Debug|x86.Build.0 = Debug|Any CPU
		{41C395A8-CDE3-4BD8-BCFA-F187DB271392}.Release|Any CPU.ActiveCfg = Release|Any CPU
		{41C395A8-CDE3-4BD8-BCFA-F187DB271392}.Release|Any CPU.Build.0 = Release|Any CPU
		{41C395A8-CDE3-4BD8-BCFA-F187DB271392}.Release|x64.ActiveCfg = Release|Any CPU
		{41C395A8-CDE3-4BD8-BCFA-F187DB271392}.Release|x64.Build.0 = Release|Any CPU
		{41C395A8-CDE3-4BD8-BCFA-F187DB271392}.Release|x86.ActiveCfg = Release|Any CPU
		{41C395A8-CDE3-4BD8-BCFA-F187DB271392}.Release|x86.Build.0 = Release|Any CPU
		{BA45DAFE-85CB-4760-B6C4-8215A71BA955}.Debug|Any CPU.ActiveCfg = Debug|Any CPU
		{BA45DAFE-85CB-4760-B6C4-8215A71BA955}.Debug|Any CPU.Build.0 = Debug|Any CPU
		{BA45DAFE-85CB-4760-B6C4-8215A71BA955}.Debug|x64.ActiveCfg = Debug|Any CPU
		{BA45DAFE-85CB-4760-B6C4-8215A71BA955}.Debug|x64.Build.0 = Debug|Any CPU
		{BA45DAFE-85CB-4760-B6C4-8215A71BA955}.Debug|x86.ActiveCfg = Debug|Any CPU
		{BA45DAFE-85CB-4760-B6C4-8215A71BA955}.Debug|x86.Build.0 = Debug|Any CPU
		{BA45DAFE-85CB-4760-B6C4-8215A71BA955}.Lib_Debug|Any CPU.ActiveCfg = Debug|Any CPU
		{BA45DAFE-85CB-4760-B6C4-8215A71BA955}.Lib_Debug|Any CPU.Build.0 = Debug|Any CPU
		{BA45DAFE-85CB-4760-B6C4-8215A71BA955}.Lib_Debug|x64.ActiveCfg = Debug|Any CPU
		{BA45DAFE-85CB-4760-B6C4-8215A71BA955}.Lib_Debug|x64.Build.0 = Debug|Any CPU
		{BA45DAFE-85CB-4760-B6C4-8215A71BA955}.Lib_Debug|x86.ActiveCfg = Debug|Any CPU
		{BA45DAFE-85CB-4760-B6C4-8215A71BA955}.Lib_Debug|x86.Build.0 = Debug|Any CPU
		{BA45DAFE-85CB-4760-B6C4-8215A71BA955}.Release|Any CPU.ActiveCfg = Release|Any CPU
		{BA45DAFE-85CB-4760-B6C4-8215A71BA955}.Release|Any CPU.Build.0 = Release|Any CPU
		{BA45DAFE-85CB-4760-B6C4-8215A71BA955}.Release|x64.ActiveCfg = Release|Any CPU
		{BA45DAFE-85CB-4760-B6C4-8215A71BA955}.Release|x64.Build.0 = Release|Any CPU
		{BA45DAFE-85CB-4760-B6C4-8215A71BA955}.Release|x86.ActiveCfg = Release|Any CPU
		{BA45DAFE-85CB-4760-B6C4-8215A71BA955}.Release|x86.Build.0 = Release|Any CPU
		{CDE7FCCD-B345-4E9B-A482-E3CB87BD0E3F}.Debug|Any CPU.ActiveCfg = Debug|Any CPU
		{CDE7FCCD-B345-4E9B-A482-E3CB87BD0E3F}.Debug|Any CPU.Build.0 = Debug|Any CPU
		{CDE7FCCD-B345-4E9B-A482-E3CB87BD0E3F}.Debug|x64.ActiveCfg = Debug|Any CPU
		{CDE7FCCD-B345-4E9B-A482-E3CB87BD0E3F}.Debug|x64.Build.0 = Debug|Any CPU
		{CDE7FCCD-B345-4E9B-A482-E3CB87BD0E3F}.Debug|x86.ActiveCfg = Debug|Any CPU
		{CDE7FCCD-B345-4E9B-A482-E3CB87BD0E3F}.Debug|x86.Build.0 = Debug|Any CPU
		{CDE7FCCD-B345-4E9B-A482-E3CB87BD0E3F}.Lib_Debug|Any CPU.ActiveCfg = Debug|Any CPU
		{CDE7FCCD-B345-4E9B-A482-E3CB87BD0E3F}.Lib_Debug|Any CPU.Build.0 = Debug|Any CPU
		{CDE7FCCD-B345-4E9B-A482-E3CB87BD0E3F}.Lib_Debug|x64.ActiveCfg = Debug|Any CPU
		{CDE7FCCD-B345-4E9B-A482-E3CB87BD0E3F}.Lib_Debug|x64.Build.0 = Debug|Any CPU
		{CDE7FCCD-B345-4E9B-A482-E3CB87BD0E3F}.Lib_Debug|x86.ActiveCfg = Debug|Any CPU
		{CDE7FCCD-B345-4E9B-A482-E3CB87BD0E3F}.Lib_Debug|x86.Build.0 = Debug|Any CPU
		{CDE7FCCD-B345-4E9B-A482-E3CB87BD0E3F}.Release|Any CPU.ActiveCfg = Release|Any CPU
		{CDE7FCCD-B345-4E9B-A482-E3CB87BD0E3F}.Release|Any CPU.Build.0 = Release|Any CPU
		{CDE7FCCD-B345-4E9B-A482-E3CB87BD0E3F}.Release|x64.ActiveCfg = Release|Any CPU
		{CDE7FCCD-B345-4E9B-A482-E3CB87BD0E3F}.Release|x64.Build.0 = Release|Any CPU
		{CDE7FCCD-B345-4E9B-A482-E3CB87BD0E3F}.Release|x86.ActiveCfg = Release|Any CPU
		{CDE7FCCD-B345-4E9B-A482-E3CB87BD0E3F}.Release|x86.Build.0 = Release|Any CPU
		{D76DD197-920C-4BA2-A1E4-7E86A6DCF265}.Debug|Any CPU.ActiveCfg = Debug|Any CPU
		{D76DD197-920C-4BA2-A1E4-7E86A6DCF265}.Debug|Any CPU.Build.0 = Debug|Any CPU
		{D76DD197-920C-4BA2-A1E4-7E86A6DCF265}.Debug|x64.ActiveCfg = Debug|Any CPU
		{D76DD197-920C-4BA2-A1E4-7E86A6DCF265}.Debug|x64.Build.0 = Debug|Any CPU
		{D76DD197-920C-4BA2-A1E4-7E86A6DCF265}.Debug|x86.ActiveCfg = Debug|Any CPU
		{D76DD197-920C-4BA2-A1E4-7E86A6DCF265}.Debug|x86.Build.0 = Debug|Any CPU
		{D76DD197-920C-4BA2-A1E4-7E86A6DCF265}.Lib_Debug|Any CPU.ActiveCfg = Debug|Any CPU
		{D76DD197-920C-4BA2-A1E4-7E86A6DCF265}.Lib_Debug|Any CPU.Build.0 = Debug|Any CPU
		{D76DD197-920C-4BA2-A1E4-7E86A6DCF265}.Lib_Debug|x64.ActiveCfg = Debug|Any CPU
		{D76DD197-920C-4BA2-A1E4-7E86A6DCF265}.Lib_Debug|x64.Build.0 = Debug|Any CPU
		{D76DD197-920C-4BA2-A1E4-7E86A6DCF265}.Lib_Debug|x86.ActiveCfg = Debug|Any CPU
		{D76DD197-920C-4BA2-A1E4-7E86A6DCF265}.Lib_Debug|x86.Build.0 = Debug|Any CPU
		{D76DD197-920C-4BA2-A1E4-7E86A6DCF265}.Release|Any CPU.ActiveCfg = Release|Any CPU
		{D76DD197-920C-4BA2-A1E4-7E86A6DCF265}.Release|Any CPU.Build.0 = Release|Any CPU
		{D76DD197-920C-4BA2-A1E4-7E86A6DCF265}.Release|x64.ActiveCfg = Release|Any CPU
		{D76DD197-920C-4BA2-A1E4-7E86A6DCF265}.Release|x64.Build.0 = Release|Any CPU
		{D76DD197-920C-4BA2-A1E4-7E86A6DCF265}.Release|x86.ActiveCfg = Release|Any CPU
		{D76DD197-920C-4BA2-A1E4-7E86A6DCF265}.Release|x86.Build.0 = Release|Any CPU
		{87A481BE-9B3F-424C-B6F0-F0140B4F674D}.Debug|Any CPU.ActiveCfg = Debug|Any CPU
		{87A481BE-9B3F-424C-B6F0-F0140B4F674D}.Debug|Any CPU.Build.0 = Debug|Any CPU
		{87A481BE-9B3F-424C-B6F0-F0140B4F674D}.Debug|x64.ActiveCfg = Debug|Any CPU
		{87A481BE-9B3F-424C-B6F0-F0140B4F674D}.Debug|x64.Build.0 = Debug|Any CPU
		{87A481BE-9B3F-424C-B6F0-F0140B4F674D}.Debug|x86.ActiveCfg = Debug|Any CPU
		{87A481BE-9B3F-424C-B6F0-F0140B4F674D}.Debug|x86.Build.0 = Debug|Any CPU
		{87A481BE-9B3F-424C-B6F0-F0140B4F674D}.Lib_Debug|Any CPU.ActiveCfg = Debug|Any CPU
		{87A481BE-9B3F-424C-B6F0-F0140B4F674D}.Lib_Debug|Any CPU.Build.0 = Debug|Any CPU
		{87A481BE-9B3F-424C-B6F0-F0140B4F674D}.Lib_Debug|x64.ActiveCfg = Debug|Any CPU
		{87A481BE-9B3F-424C-B6F0-F0140B4F674D}.Lib_Debug|x64.Build.0 = Debug|Any CPU
		{87A481BE-9B3F-424C-B6F0-F0140B4F674D}.Lib_Debug|x86.ActiveCfg = Debug|Any CPU
		{87A481BE-9B3F-424C-B6F0-F0140B4F674D}.Lib_Debug|x86.Build.0 = Debug|Any CPU
		{87A481BE-9B3F-424C-B6F0-F0140B4F674D}.Release|Any CPU.ActiveCfg = Release|Any CPU
		{87A481BE-9B3F-424C-B6F0-F0140B4F674D}.Release|Any CPU.Build.0 = Release|Any CPU
		{87A481BE-9B3F-424C-B6F0-F0140B4F674D}.Release|x64.ActiveCfg = Release|Any CPU
		{87A481BE-9B3F-424C-B6F0-F0140B4F674D}.Release|x64.Build.0 = Release|Any CPU
		{87A481BE-9B3F-424C-B6F0-F0140B4F674D}.Release|x86.ActiveCfg = Release|Any CPU
		{87A481BE-9B3F-424C-B6F0-F0140B4F674D}.Release|x86.Build.0 = Release|Any CPU
	EndGlobalSection
	GlobalSection(SolutionProperties) = preSolution
		HideSolutionNode = FALSE
	EndGlobalSection
	GlobalSection(NestedProjects) = preSolution
		{164C4731-C6A3-41A6-8C32-88F55DB4D5C2} = {7BD5D584-E476-4E2D-8AD0-9F5F2B1CA716}
		{2DF202B6-B571-412F-9214-E1C92439FD6B} = {21745804-92A6-45D7-96EC-F10AAC742B58}
		{239B6B2D-F08D-4088-9372-02E61A67645F} = {21745804-92A6-45D7-96EC-F10AAC742B58}
		{29CCBC85-1728-4651-9E85-3C81D734B051} = {7BD5D584-E476-4E2D-8AD0-9F5F2B1CA716}
		{D9FDBCD7-7617-4342-A3B1-48F0473F7DE7} = {7BD5D584-E476-4E2D-8AD0-9F5F2B1CA716}
		{41C395A8-CDE3-4BD8-BCFA-F187DB271392} = {7BD5D584-E476-4E2D-8AD0-9F5F2B1CA716}
		{BA45DAFE-85CB-4760-B6C4-8215A71BA955} = {7BD5D584-E476-4E2D-8AD0-9F5F2B1CA716}
		{BFA1D026-71C0-4415-A95D-D289A47CBB9E} = {C3C5CC6C-46D4-453B-ABD7-D096DB1AF2CD}
		{CDE7FCCD-B345-4E9B-A482-E3CB87BD0E3F} = {7BD5D584-E476-4E2D-8AD0-9F5F2B1CA716}
		{D76DD197-920C-4BA2-A1E4-7E86A6DCF265} = {21745804-92A6-45D7-96EC-F10AAC742B58}
		{87A481BE-9B3F-424C-B6F0-F0140B4F674D} = {21745804-92A6-45D7-96EC-F10AAC742B58}
	EndGlobalSection
	GlobalSection(ExtensibilityGlobals) = postSolution
		SolutionGuid = {FEBAEF97-AF38-45D5-A249-9BEE85518966}
	EndGlobalSection
EndGlobal
